lockfileVersion: '9.0'

settings:
  autoInstallPeers: true
  excludeLinksFromLockfile: false

importers:

  .:
    devDependencies:
      emojibase-data:
        specifier: 16.0.0
        version: 16.0.0(emojibase@15.3.1)

packages:

  emojibase-data@16.0.0:
    resolution: {integrity: sha512-4gJMaLHrz0lZ7sTWPb07lxXUxqTfOqxiI3LfqSxrmsE4Gg5Nw1wf/w26WH7AV26iaq9Ty+/ftf3okzMf5NWHLA==}
    peerDependencies:
      emojibase: '*'

  emojibase@15.3.1:
    resolution: {integrity: sha512-GNsjHnG2J3Ktg684Fs/vZR/6XpOSkZPMAv85EHrr6br2RN2cJNwdS4am/3YSK3y+/gOv2kmoK3GGdahXdMxg2g==}

snapshots:

  emojibase-data@16.0.0(emojibase@15.3.1):
    dependencies:
      emojibase: 15.3.1

  emojibase@15.3.1: {}
