lockfileVersion: '9.0'

settings:
  autoInstallPeers: true
  excludeLinksFromLockfile: false

importers:

  .:
    devDependencies:
      emojibase-data:
        specifier: 15.3.0
        version: 15.3.0(emojibase@15.3.1)

packages:

  emojibase-data@15.3.0:
    resolution: {integrity: sha512-cYsGq57W8wOd1CqQCjmtP1DpmlTVvJY+Um5UobWUQuTnqb8cO2cuqrxJxSIqxLcYZ3rtialT5kivoWigszdslg==}
    peerDependencies:
      emojibase: '*'

  emojibase@15.3.1:
    resolution: {integrity: sha512-GNsjHnG2J3Ktg684Fs/vZR/6XpOSkZPMAv85EHrr6br2RN2cJNwdS4am/3YSK3y+/gOv2kmoK3GGdahXdMxg2g==}

snapshots:

  emojibase-data@15.3.0(emojibase@15.3.1):
    dependencies:
      emojibase: 15.3.1

  emojibase@15.3.1: {}
