lockfileVersion: '9.0'

settings:
  autoInstallPeers: true
  excludeLinksFromLockfile: false

importers:

  .:
    devDependencies:
      emojibase-data:
        specifier: 16.0.2
        version: 16.0.2(emojibase@15.3.1)

packages:

  emojibase-data@16.0.2:
    resolution: {integrity: sha512-vRM82rvhjB4z5jDvxYanK/CZVe1QCu9ihxockyNvitd/aFkTT6Y4eeBW49GoXv5JMCNFrzDarADWrv7tjLcefA==}
    peerDependencies:
      emojibase: '*'

  emojibase@15.3.1:
    resolution: {integrity: sha512-GNsjHnG2J3Ktg684Fs/vZR/6XpOSkZPMAv85EHrr6br2RN2cJNwdS4am/3YSK3y+/gOv2kmoK3GGdahXdMxg2g==}

snapshots:

  emojibase-data@16.0.2(emojibase@15.3.1):
    dependencies:
      emojibase: 15.3.1

  emojibase@15.3.1: {}
