# THIS IS AN AUTOGENERATED FILE. DO NOT EDIT THIS FILE DIRECTLY.
# yarn lockfile v1


emojibase-data@15.3.0:
  version "15.3.0"
  resolved "https://registry.yarnpkg.com/emojibase-data/-/emojibase-data-15.3.0.tgz#250d071eeea8365be34c4c3bf5294749277f5f1b"
  integrity sha512-cYsGq57W8wOd1CqQCjmtP1DpmlTVvJY+Um5UobWUQuTnqb8cO2cuqrxJxSIqxLcYZ3rtialT5kivoWigszdslg==
