# THIS IS AN AUTOGENERATED FILE. DO NOT EDIT THIS FILE DIRECTLY.
# yarn lockfile v1


emojibase-data@7.0.1:
  version "7.0.1"
  resolved "https://registry.yarnpkg.com/emojibase-data/-/emojibase-data-7.0.1.tgz#a81d7fcd12247f7d94a96dcbdb143e6b6dd5c328"
  integrity sha512-BLZpOdwyFpZ7lzBWyDtnxmKVm/SJMYgAfp1if3o6n1TVUMSXAf0nikONXl90LZuJ/m3XWPBkkubgCet2BsCGGQ==
