# THIS IS AN AUTOGENERATED FILE. DO NOT EDIT THIS FILE DIRECTLY.
# yarn lockfile v1


emojibase-data@15.0.0:
  version "15.0.0"
  resolved "https://registry.yarnpkg.com/emojibase-data/-/emojibase-data-15.0.0.tgz#d1f5467f3080688b9605103d0abdcd54bbc76419"
  integrity sha512-hqrLNhEeBejKOQp5ArJcofkzV3qZBcp8czXj8nIKUGpBVc50NddNGwir4yAYxn3oNgrSj/lYdB9XxIVAKTkong==
